github.com/go-chi/chi/v5 v5.0.12 h1:L3L/3s3XJ0Lshc+L6S3S2o/pXyA6S/P70vS2p3K8mY8=
github.com/go-chi/chi/v5 v5.0.12/go.mod h1:D3+S7Z4j9+9L6E3+S3J0S0p/S3J0S0p/S3J0S0p/S3M=
github.com/go-chi/cors v1.2.1 h1:L3L/3s3XJ0Lshc+L6S3S2o/pXyA6S/P70vS2p3K8mY8=
github.com/go-chi/cors v1.2.1/go.mod h1:D3+S7Z4j9+9L6E3+S3J0S0p/S3J0S0p/S3J0S0p/S3M=
github.com/golang-jwt/jwt/v5 v5.2.1 h1:11f3M33NToIipK9Rne4882x8E95Lut1L3S8S/z4L7C8=
github.com/golang-jwt/jwt/v5 v5.2.1/go.mod h1:pC29I5I9I5SndyK971JmK0pS5n9H0C6S65/0Y+c=
github.com/jackc/pgx/v5 v5.5.5 h1:L3L/3s3XJ0Lshc+L6S3S2o/pXyA6S/P70vS2p3K8mY8=
github.com/jackc/pgx/v5 v5.5.5/go.mod h1:D3+S7Z4j9+9L6E3+S3J0S0p/S3J0S0p/S3J0S0p/S3M=
github.com/robfig/cron/v3 v3.0.1 h1:W1/1S11YvU0s3M4O3m5pS3K8mY8=
github.com/robfig/cron/v3 v3.0.1/go.mod h1:D3+S7Z4j9+9L6E3+S3J0S0p/S3J0S0p/S3J0S0p/S3M=
